
Microsoft Visual Studio Solution File, Format Version 12.00
# Visual Studio Version 17
VisualStudioVersion = 17.3.32819.101
MinimumVisualStudioVersion = 10.0.40219.1
Project("{FAE04EC0-301F-11D3-BF4B-00C04F79EFBC}") = "StudentAdminPortal.API", "StudentAdminPortal.API\StudentAdminPortal.API.csproj", "{AD7783B0-DA20-428F-B9DA-7D1E2DD34FA9}"
EndProject
Global
	GlobalSection(SolutionConfigurationPlatforms) = preSolution
		Debug|Any CPU = Debug|Any CPU
		Release|Any CPU = Release|Any CPU
	EndGlobalSection
	GlobalSection(ProjectConfigurationPlatforms) = postSolution
		{AD7783B0-DA20-428F-B9DA-7D1E2DD34FA9}.Debug|Any CPU.ActiveCfg = Debug|Any CPU
		{AD7783B0-DA20-428F-B9DA-7D1E2DD34FA9}.Debug|Any CPU.Build.0 = Debug|Any CPU
		{AD7783B0-DA20-428F-B9DA-7D1E2DD34FA9}.Release|Any CPU.ActiveCfg = Release|Any CPU
		{AD7783B0-DA20-428F-B9DA-7D1E2DD34FA9}.Release|Any CPU.Build.0 = Release|Any CPU
	EndGlobalSection
	GlobalSection(SolutionProperties) = preSolution
		HideSolutionNode = FALSE
	EndGlobalSection
	GlobalSection(ExtensibilityGlobals) = postSolution
		SolutionGuid = {D85E574D-E67A-45CA-B2E0-9828AA11D918}
	EndGlobalSection
EndGlobal
